
Microsoft Visual Studio Solution File, Format Version 12.00
# Visual Studio Version 16
VisualStudioVersion = 16.0.29102.190
MinimumVisualStudioVersion = 10.0.40219.1
Project("{FAE04EC0-301F-11D3-BF4B-00C04F79EFBC}") = "Xas_KeyValue_003", "Xas_KeyValue_003.csproj", "{5F8B1A60-0075-4F85-BF60-78C17B961D4B}"
EndProject
Global
	GlobalSection(SolutionConfigurationPlatforms) = preSolution
		Debug|Any CPU = Debug|Any CPU
		Release|Any CPU = Release|Any CPU
	EndGlobalSection
	GlobalSection(ProjectConfigurationPlatforms) = postSolution
		{5F8B1A60-0075-4F85-BF60-78C17B961D4B}.Debug|Any CPU.ActiveCfg = Debug|Any CPU
		{5F8B1A60-0075-4F85-BF60-78C17B961D4B}.Debug|Any CPU.Build.0 = Debug|Any CPU
		{5F8B1A60-0075-4F85-BF60-78C17B961D4B}.Release|Any CPU.ActiveCfg = Release|Any CPU
		{5F8B1A60-0075-4F85-BF60-78C17B961D4B}.Release|Any CPU.Build.0 = Release|Any CPU
	EndGlobalSection
	GlobalSection(SolutionProperties) = preSolution
		HideSolutionNode = FALSE
	EndGlobalSection
	GlobalSection(ExtensibilityGlobals) = postSolution
		SolutionGuid = {9AAF3270-D003-401C-9D66-E1EC8AEA1457}
	EndGlobalSection
EndGlobal
